
Microsoft Visual Studio Solution File, Format Version 12.00
# Visual Studio 15
Project("{FAE04EC0-301F-11D3-BF4B-00C04F79EFBC}") = "2019-mysql", "2019-mysql.csproj", "{BD2ACCA4-D84D-4F81-A54E-B9FAEB32CB90}"
EndProject
Global
	GlobalSection(SolutionConfigurationPlatforms) = preSolution
		Debug|Any CPU = Debug|Any CPU
		Release|Any CPU = Release|Any CPU
	EndGlobalSection
	GlobalSection(ProjectConfigurationPlatforms) = postSolution
		{BD2ACCA4-D84D-4F81-A54E-B9FAEB32CB90}.Debug|Any CPU.ActiveCfg = Debug|Any CPU
		{BD2ACCA4-D84D-4F81-A54E-B9FAEB32CB90}.Debug|Any CPU.Build.0 = Debug|Any CPU
		{BD2ACCA4-D84D-4F81-A54E-B9FAEB32CB90}.Release|Any CPU.ActiveCfg = Release|Any CPU
		{BD2ACCA4-D84D-4F81-A54E-B9FAEB32CB90}.Release|Any CPU.Build.0 = Release|Any CPU
	EndGlobalSection
EndGlobal
